// !$*UTF8*$!
{
	archiveVersion = 1;
	classes = {
	};
	objectVersion = 77;
	objects = {

/* Begin PBXBuildFile section */
		01CE1EC3E1B4BC474CD6BE1A /* GameConstants.swift in Sources */ = {isa = PBXBuildFile; fileRef = 29AC71B2963FC806D9A6364B /* GameConstants.swift */; };
		0D71B96B835DC3F0A63AEB28 /* ActionButtonsView.swift in Sources */ = {isa = PBXBuildFile; fileRef = CD1C98850B7A4ED2330E1A6B /* ActionButtonsView.swift */; };
		10F2E0D93110F3233B43A513 /* GameViewModel.swift in Sources */ = {isa = PBXBuildFile; fileRef = 76916C5A1170EB7752120BF3 /* GameViewModel.swift */; };
		1240696DEF7AA55846D98010 /* HandEvaluator.swift in Sources */ = {isa = PBXBuildFile; fileRef = B0FBC21FB78D2DAC76701397 /* HandEvaluator.swift */; };
		12F35AD9B8E871BBFFCA5641 /* DatabaseManager.swift in Sources */ = {isa = PBXBuildFile; fileRef = E7A75C874061F132783DE04D /* DatabaseManager.swift */; };
		1DAAC06F64B8B88F8DDE7D9B /* ChipStorage.swift in Sources */ = {isa = PBXBuildFile; fileRef = 82C131C36FE7DAB2A46E98A2 /* ChipStorage.swift */; };
		1FF267A6F8AA420E40050DF8 /* Hand.swift in Sources */ = {isa = PBXBuildFile; fileRef = 18C3AD1AC58DB95965E1C1A1 /* Hand.swift */; };
		20FC613E11F24172F1B7583E /* WelfareViewModel.swift in Sources */ = {isa = PBXBuildFile; fileRef = 09082BD35AA831368F1BF82C /* WelfareViewModel.swift */; };
		35E4FD08EF7EB96D214E5D6F /* MainViewModel.swift in Sources */ = {isa = PBXBuildFile; fileRef = 2918AF107C1B5FAC8170BF77 /* MainViewModel.swift */; };
		391873418900CFF17B7C94B7 /* QuickBetView.swift in Sources */ = {isa = PBXBuildFile; fileRef = 1E45E9E0F0BEB9C4DC99EE64 /* QuickBetView.swift */; };
		43AF9326D0FF71FCBC1CA789 /* Card.swift in Sources */ = {isa = PBXBuildFile; fileRef = 4063FE8247B5C0E604B9FCB8 /* Card.swift */; };
		4435D730B32829CA7FD6EFA5 /* GameRecordRepository.swift in Sources */ = {isa = PBXBuildFile; fileRef = 506F27EC459CA69DF758C983 /* GameRecordRepository.swift */; };
		49B411D3E10B56F767180973 /* WelfareView.swift in Sources */ = {isa = PBXBuildFile; fileRef = B7D0ABC3ADC8E4F67F3EE15B /* WelfareView.swift */; };
		4D50C0C76982E6DB9C9956FE /* PlayerCard.swift in Sources */ = {isa = PBXBuildFile; fileRef = 5EB10370240BA30FE4802E6F /* PlayerCard.swift */; };
		50C8F78FBA8D868F3E71F38B /* CardTests.swift in Sources */ = {isa = PBXBuildFile; fileRef = 607C8B90FA1E9DC8DA356182 /* CardTests.swift */; };
		516DBC76002FBEA6D885ECBE /* StatisticsView.swift in Sources */ = {isa = PBXBuildFile; fileRef = 8ABAA32BC2D0FEF119CA4CDC /* StatisticsView.swift */; };
		57171F21CFB4A0373DD2850B /* AIAvatars.swift in Sources */ = {isa = PBXBuildFile; fileRef = D959BB465C39A29AB2EEAF53 /* AIAvatars.swift */; };
		6702AD7948109026E1639FD9 /* Action.swift in Sources */ = {isa = PBXBuildFile; fileRef = B03D2D6EB44C302FCE8C2009 /* Action.swift */; };
		71DBEC3EF570AA30EB8D26BC /* AIPatternRepository.swift in Sources */ = {isa = PBXBuildFile; fileRef = 54EF97628F7D2B7EDBC17824 /* AIPatternRepository.swift */; };
		7203F26F3965BB1A96F5976D /* PotCalculator.swift in Sources */ = {isa = PBXBuildFile; fileRef = E28A63EAE43B5AACB33D31F0 /* PotCalculator.swift */; };
		757418A72A64720CACAFD572 /* ActionLogView.swift in Sources */ = {isa = PBXBuildFile; fileRef = 5C616BABA49F411EC197018E /* ActionLogView.swift */; };
		8533933AD39A7DB909013B5E /* HandTypeTests.swift in Sources */ = {isa = PBXBuildFile; fileRef = 4C1BCD39B237C92CFF4C0415 /* HandTypeTests.swift */; };
		8D84E46DC948B5E14FF14A97 /* MainView.swift in Sources */ = {isa = PBXBuildFile; fileRef = 6B00F95E8E8DFCD10A0CF933 /* MainView.swift */; };
		98F3BBBBBCC1540E27CAA798 /* Color+Theme.swift in Sources */ = {isa = PBXBuildFile; fileRef = 35E7C9248EDD3E73E290C09A /* Color+Theme.swift */; };
		A1F18356253768040A20345B /* HandEvaluatorTests.swift in Sources */ = {isa = PBXBuildFile; fileRef = B67668697B87763B8FE8F7A1 /* HandEvaluatorTests.swift */; };
		A9C1C0DE0000000000000001 /* AIStyleProfiles.swift in Sources */ = {isa = PBXBuildFile; fileRef = A9D1C0DE0000000000000001 /* AIStyleProfiles.swift */; };
		A9C1C0DE0000000000000002 /* AIStrategicContext.swift in Sources */ = {isa = PBXBuildFile; fileRef = A9D1C0DE0000000000000002 /* AIStrategicContext.swift */; };
		A9C1C0DE0000000000000003 /* AIOpponentModel.swift in Sources */ = {isa = PBXBuildFile; fileRef = A9D1C0DE0000000000000003 /* AIOpponentModel.swift */; };
		A9C1C0DE0000000000000004 /* AIPattern.swift in Sources */ = {isa = PBXBuildFile; fileRef = A9D1C0DE0000000000000004 /* AIPattern.swift */; };
		AA0000000000000000000001 /* PokerAI/Assets.xcassets in Resources */ = {isa = PBXBuildFile; fileRef = AA0000000000000000000002 /* PokerAI/Assets.xcassets */; };
		AA0000000000000000000010 /* AnalyticsService.swift in Sources */ = {isa = PBXBuildFile; fileRef = AA0000000000000000000011 /* AnalyticsService.swift */; };
		AA0000000000000000000012 /* AnalyticsEvent.swift in Sources */ = {isa = PBXBuildFile; fileRef = AA0000000000000000000013 /* AnalyticsEvent.swift */; };
		AA0000000000000000000014 /* MockAnalyticsService.swift in Sources */ = {isa = PBXBuildFile; fileRef = AA0000000000000000000015 /* MockAnalyticsService.swift */; };
		AA0000000000000000000040 /* PokerAI/PrivacyInfo.xcprivacy in Resources */ = {isa = PBXBuildFile; fileRef = AA0000000000000000000041 /* PokerAI/PrivacyInfo.xcprivacy */; };
		AA0000000000000000000050 /* AdMobConfig.swift in Sources */ = {isa = PBXBuildFile; fileRef = AA0000000000000000000052 /* AdMobConfig.swift */; };
		AA0000000000000000000051 /* AdMobService.swift in Sources */ = {isa = PBXBuildFile; fileRef = AA0000000000000000000053 /* AdMobService.swift */; };
		AC9F780B5B5610C40F9FD8E6 /* Street.swift in Sources */ = {isa = PBXBuildFile; fileRef = C96A3EDD743B1E6EF634AF25 /* Street.swift */; };
		AF87F80BD5FD6B77687BDD5B /* Position.swift in Sources */ = {isa = PBXBuildFile; fileRef = 94BE2A516204DC6429819030 /* Position.swift */; };
		B1737251F85D2BED64FF064B /* PokerAIApp.swift in Sources */ = {isa = PBXBuildFile; fileRef = 6A52967FFB99FEC66776E187 /* PokerAIApp.swift */; };
		B7E100000000000000000001 /* PokerEngine+Setup.swift in Sources */ = {isa = PBXBuildFile; fileRef = B7F100000000000000000001 /* PokerEngine+Setup.swift */; };
		B7E100000000000000000002 /* PokerEngine+Actions.swift in Sources */ = {isa = PBXBuildFile; fileRef = B7F100000000000000000002 /* PokerEngine+Actions.swift */; };
		B7E100000000000000000003 /* PokerEngine+RoundFlow.swift in Sources */ = {isa = PBXBuildFile; fileRef = B7F100000000000000000003 /* PokerEngine+RoundFlow.swift */; };
		B7E100000000000000000004 /* PokerEngine+State.swift in Sources */ = {isa = PBXBuildFile; fileRef = B7F100000000000000000004 /* PokerEngine+State.swift */; };
		B7E100000000000000000005 /* PokerEngine+Settlement.swift in Sources */ = {isa = PBXBuildFile; fileRef = B7F100000000000000000005 /* PokerEngine+Settlement.swift */; };
		B7E100000000000000000006 /* GameViewModel+Lifecycle.swift in Sources */ = {isa = PBXBuildFile; fileRef = B7F100000000000000000006 /* GameViewModel+Lifecycle.swift */; };
		B7E100000000000000000007 /* GameViewModel+AITurn.swift in Sources */ = {isa = PBXBuildFile; fileRef = B7F100000000000000000007 /* GameViewModel+AITurn.swift */; };
		B7E100000000000000000008 /* GameViewModel+PlayerActions.swift in Sources */ = {isa = PBXBuildFile; fileRef = B7F100000000000000000008 /* GameViewModel+PlayerActions.swift */; };
		B7E100000000000000000009 /* GameViewModel+Settlement.swift in Sources */ = {isa = PBXBuildFile; fileRef = B7F100000000000000000009 /* GameViewModel+Settlement.swift */; };
		B7E10000000000000000000A /* GameViewModel+Training.swift in Sources */ = {isa = PBXBuildFile; fileRef = B7F10000000000000000000A /* GameViewModel+Training.swift */; };
		B7E10000000000000000000B /* GameViewModel+Persistence.swift in Sources */ = {isa = PBXBuildFile; fileRef = B7F10000000000000000000B /* GameViewModel+Persistence.swift */; };
		B8F6BB79BAED94E36EE3DD9C /* AIDecisionMaker.swift in Sources */ = {isa = PBXBuildFile; fileRef = 5D872E96A0852C0D4C41EAD0 /* AIDecisionMaker.swift */; };
		BAAB5FCB39753828451FD294 /* HandType.swift in Sources */ = {isa = PBXBuildFile; fileRef = 6A9895692B7CC8BD1A14E96F /* HandType.swift */; };
		BB8D42AA38C22AFC2FB390F3 /* CardView.swift in Sources */ = {isa = PBXBuildFile; fileRef = B2A89FC65242C268E9F912BF /* CardView.swift */; };
		BD4F08D98EE42C8A6B71CADB /* ChipLabel.swift in Sources */ = {isa = PBXBuildFile; fileRef = 3829E3CE2E5712EDA2C6C52D /* ChipLabel.swift */; };
		C0C8A9CDFFD35FA988D73043 /* AIEngine.swift in Sources */ = {isa = PBXBuildFile; fileRef = 5EE739CF30B31566D593B6F6 /* AIEngine.swift */; };
		C14884D1D49B6BEB67093FC3 /* GameArchiveManager.swift in Sources */ = {isa = PBXBuildFile; fileRef = E938E9F65A78F81C2528931A /* GameArchiveManager.swift */; };
		C1A100000000000000000001 /* GameCommunitySection.swift in Sources */ = {isa = PBXBuildFile; fileRef = C1B100000000000000000001 /* GameCommunitySection.swift */; };
		C1A100000000000000000002 /* GamePlayerSeatView.swift in Sources */ = {isa = PBXBuildFile; fileRef = C1B100000000000000000002 /* GamePlayerSeatView.swift */; };
		C1A100000000000000000003 /* GameOpponentsSection.swift in Sources */ = {isa = PBXBuildFile; fileRef = C1B100000000000000000003 /* GameOpponentsSection.swift */; };
		C1A100000000000000000004 /* GameBottomDock.swift in Sources */ = {isa = PBXBuildFile; fileRef = C1B100000000000000000004 /* GameBottomDock.swift */; };
		C1A100000000000000000005 /* RoundEndModal.swift in Sources */ = {isa = PBXBuildFile; fileRef = C1B100000000000000000005 /* RoundEndModal.swift */; };
		C1A100000000000000000006 /* StatisticsTabSelectorView.swift in Sources */ = {isa = PBXBuildFile; fileRef = C1B100000000000000000006 /* StatisticsTabSelectorView.swift */; };
		C1A100000000000000000007 /* StatisticsOverviewTabView.swift in Sources */ = {isa = PBXBuildFile; fileRef = C1B100000000000000000007 /* StatisticsOverviewTabView.swift */; };
		C1A100000000000000000008 /* StatisticsAIProfileCardView.swift in Sources */ = {isa = PBXBuildFile; fileRef = C1B100000000000000000008 /* StatisticsAIProfileCardView.swift */; };
		C1A100000000000000000009 /* StatisticsRecentHandsTabView.swift in Sources */ = {isa = PBXBuildFile; fileRef = C1B100000000000000000009 /* StatisticsRecentHandsTabView.swift */; };
		C1A10000000000000000000A /* StatisticsHandRecordCard.swift in Sources */ = {isa = PBXBuildFile; fileRef = C1B10000000000000000000A /* StatisticsHandRecordCard.swift */; };
		C550CBBBB24FF04CF34A12ED /* Player.swift in Sources */ = {isa = PBXBuildFile; fileRef = 842F687D9CB382280336CD76 /* Player.swift */; };
		C6AD7F6E9F1DE0D6143F2290 /* StatisticsViewModel.swift in Sources */ = {isa = PBXBuildFile; fileRef = A2EEBC082AD1FE0F3AC670E5 /* StatisticsViewModel.swift */; };
		CD3222DA2FA5B6B7008F37B3 /* FirebaseAnalytics in Frameworks */ = {isa = PBXBuildFile; productRef = CD2DAA442FA5AE9800C82FE1 /* FirebaseAnalytics */; };
		CD3222DB2FA5B6B7008F37B3 /* FirebaseCore in Frameworks */ = {isa = PBXBuildFile; productRef = CD2DAA452FA5AE9800C82FE1 /* FirebaseCore */; };
		CD3222DC2FA5B6B7008F37B3 /* GoogleMobileAds in Frameworks */ = {isa = PBXBuildFile; productRef = CD2DAA472FA5AEB300C82FE1 /* GoogleMobileAds */; };
		CD6CFE9A2FA5106100C1B48E /* GoogleService-Info.plist in Resources */ = {isa = PBXBuildFile; fileRef = CD6CFE992FA5106100C1B48E /* GoogleService-Info.plist */; };
		CF6ED67D8AF1CC1B980E7D40 /* GameView.swift in Sources */ = {isa = PBXBuildFile; fileRef = 74EECA09C25E73B6235A1964 /* GameView.swift */; };
		D6C60BB155A0781297226BF0 /* PokerEngine.swift in Sources */ = {isa = PBXBuildFile; fileRef = FC3E61AE9BDA6C7D05CD339F /* PokerEngine.swift */; };
		DB85292C8856B47672D3C399 /* PreFlopHandTable.swift in Sources */ = {isa = PBXBuildFile; fileRef = 8B3EB6C2C558AF7E772408B5 /* PreFlopHandTable.swift */; };
		E1A5B4C3D2F109876543210A /* PokerEngineTests.swift in Sources */ = {isa = PBXBuildFile; fileRef = E1A5B4C3D2F109876543210B /* PokerEngineTests.swift */; };
		F1A2B3C4D5E6F70809101112 /* ArchiveManagerTests.swift in Sources */ = {isa = PBXBuildFile; fileRef = F1A2B3C4D5E6F70809101113 /* ArchiveManagerTests.swift */; };
		F2A3B4C5D6E7F80910111213 /* GameFlowRegressionTests.swift in Sources */ = {isa = PBXBuildFile; fileRef = F2A3B4C5D6E7F80910111214 /* GameFlowRegressionTests.swift */; };
		F3A4B5C6D7E8F90101112131 /* GameRecordRepositoryTests.swift in Sources */ = {isa = PBXBuildFile; fileRef = F3A4B5C6D7E8F90101112132 /* GameRecordRepositoryTests.swift */; };
		F43852DD584C0274E9884085 /* CommunityCardsView.swift in Sources */ = {isa = PBXBuildFile; fileRef = 23425377DFD539DACFA05B8F /* CommunityCardsView.swift */; };
/* End PBXBuildFile section */

/* Begin PBXContainerItemProxy section */
		2CC42C53865A086B93A04861 /* PBXContainerItemProxy */ = {
			isa = PBXContainerItemProxy;
			containerPortal = 12A83FFE730899BCBF5FCB54 /* Project object */;
			proxyType = 1;
			remoteGlobalIDString = A49AAAD870FE516A92B6B44B;
			remoteInfo = PokerAI;
		};
/* End PBXContainerItemProxy section */

/* Begin PBXFileReference section */
		09082BD35AA831368F1BF82C /* WelfareViewModel.swift */ = {isa = PBXFileReference; lastKnownFileType = sourcecode.swift; path = WelfareViewModel.swift; sourceTree = "<group>"; };
		14B2FAB06B0026871A745C41 /* PokerAITests.xctest */ = {isa = PBXFileReference; includeInIndex = 0; lastKnownFileType = wrapper.cfbundle; path = PokerAITests.xctest; sourceTree = BUILT_PRODUCTS_DIR; };
		18C3AD1AC58DB95965E1C1A1 /* Hand.swift */ = {isa = PBXFileReference; lastKnownFileType = sourcecode.swift; path = Hand.swift; sourceTree = "<group>"; };
		1E45E9E0F0BEB9C4DC99EE64 /* QuickBetView.swift */ = {isa = PBXFileReference; lastKnownFileType = sourcecode.swift; path = QuickBetView.swift; sourceTree = "<group>"; };
		23425377DFD539DACFA05B8F /* CommunityCardsView.swift */ = {isa = PBXFileReference; lastKnownFileType = sourcecode.swift; path = CommunityCardsView.swift; sourceTree = "<group>"; };
		2918AF107C1B5FAC8170BF77 /* MainViewModel.swift */ = {isa = PBXFileReference; lastKnownFileType = sourcecode.swift; path = MainViewModel.swift; sourceTree = "<group>"; };
		29AC71B2963FC806D9A6364B /* GameConstants.swift */ = {isa = PBXFileReference; lastKnownFileType = sourcecode.swift; path = GameConstants.swift; sourceTree = "<group>"; };
		35E7C9248EDD3E73E290C09A /* Color+Theme.swift */ = {isa = PBXFileReference; lastKnownFileType = sourcecode.swift; path = "Color+Theme.swift"; sourceTree = "<group>"; };
		3829E3CE2E5712EDA2C6C52D /* ChipLabel.swift */ = {isa = PBXFileReference; lastKnownFileType = sourcecode.swift; path = ChipLabel.swift; sourceTree = "<group>"; };
		4063FE8247B5C0E604B9FCB8 /* Card.swift */ = {isa = PBXFileReference; lastKnownFileType = sourcecode.swift; path = Card.swift; sourceTree = "<group>"; };
		4C1BCD39B237C92CFF4C0415 /* HandTypeTests.swift */ = {isa = PBXFileReference; lastKnownFileType = sourcecode.swift; path = HandTypeTests.swift; sourceTree = "<group>"; };
		4D969E959A47D0D27973E54B /* PokerAI.app */ = {isa = PBXFileReference; includeInIndex = 0; lastKnownFileType = wrapper.application; path = PokerAI.app; sourceTree = BUILT_PRODUCTS_DIR; };
		506F27EC459CA69DF758C983 /* GameRecordRepository.swift */ = {isa = PBXFileReference; lastKnownFileType = sourcecode.swift; path = GameRecordRepository.swift; sourceTree = "<group>"; };
		54EF97628F7D2B7EDBC17824 /* AIPatternRepository.swift */ = {isa = PBXFileReference; lastKnownFileType = sourcecode.swift; path = AIPatternRepository.swift; sourceTree = "<group>"; };
		5C616BABA49F411EC197018E /* ActionLogView.swift */ = {isa = PBXFileReference; lastKnownFileType = sourcecode.swift; path = ActionLogView.swift; sourceTree = "<group>"; };
		5D872E96A0852C0D4C41EAD0 /* AIDecisionMaker.swift */ = {isa = PBXFileReference; lastKnownFileType = sourcecode.swift; path = AIDecisionMaker.swift; sourceTree = "<group>"; };
		5EB10370240BA30FE4802E6F /* PlayerCard.swift */ = {isa = PBXFileReference; lastKnownFileType = sourcecode.swift; path = PlayerCard.swift; sourceTree = "<group>"; };
		5EE739CF30B31566D593B6F6 /* AIEngine.swift */ = {isa = PBXFileReference; lastKnownFileType = sourcecode.swift; path = AIEngine.swift; sourceTree = "<group>"; };
		607C8B90FA1E9DC8DA356182 /* CardTests.swift */ = {isa = PBXFileReference; lastKnownFileType = sourcecode.swift; path = CardTests.swift; sourceTree = "<group>"; };
		6A52967FFB99FEC66776E187 /* PokerAIApp.swift */ = {isa = PBXFileReference; lastKnownFileType = sourcecode.swift; path = PokerAIApp.swift; sourceTree = "<group>"; };
		6A9895692B7CC8BD1A14E96F /* HandType.swift */ = {isa = PBXFileReference; lastKnownFileType = sourcecode.swift; path = HandType.swift; sourceTree = "<group>"; };
		6B00F95E8E8DFCD10A0CF933 /* MainView.swift */ = {isa = PBXFileReference; lastKnownFileType = sourcecode.swift; path = MainView.swift; sourceTree = "<group>"; };
		74EECA09C25E73B6235A1964 /* GameView.swift */ = {isa = PBXFileReference; lastKnownFileType = sourcecode.swift; path = GameView.swift; sourceTree = "<group>"; };
		76916C5A1170EB7752120BF3 /* GameViewModel.swift */ = {isa = PBXFileReference; lastKnownFileType = sourcecode.swift; path = GameViewModel.swift; sourceTree = "<group>"; };
		82C131C36FE7DAB2A46E98A2 /* ChipStorage.swift */ = {isa = PBXFileReference; lastKnownFileType = sourcecode.swift; path = ChipStorage.swift; sourceTree = "<group>"; };
		842F687D9CB382280336CD76 /* Player.swift */ = {isa = PBXFileReference; lastKnownFileType = sourcecode.swift; path = Player.swift; sourceTree = "<group>"; };
		8ABAA32BC2D0FEF119CA4CDC /* StatisticsView.swift */ = {isa = PBXFileReference; lastKnownFileType = sourcecode.swift; path = StatisticsView.swift; sourceTree = "<group>"; };
		8B3EB6C2C558AF7E772408B5 /* PreFlopHandTable.swift */ = {isa = PBXFileReference; lastKnownFileType = sourcecode.swift; path = PreFlopHandTable.swift; sourceTree = "<group>"; };
		94BE2A516204DC6429819030 /* Position.swift */ = {isa = PBXFileReference; lastKnownFileType = sourcecode.swift; path = Position.swift; sourceTree = "<group>"; };
		A2EEBC082AD1FE0F3AC670E5 /* StatisticsViewModel.swift */ = {isa = PBXFileReference; lastKnownFileType = sourcecode.swift; path = StatisticsViewModel.swift; sourceTree = "<group>"; };
		A9D1C0DE0000000000000001 /* AIStyleProfiles.swift */ = {isa = PBXFileReference; lastKnownFileType = sourcecode.swift; path = AIStyleProfiles.swift; sourceTree = "<group>"; };
		A9D1C0DE0000000000000002 /* AIStrategicContext.swift */ = {isa = PBXFileReference; lastKnownFileType = sourcecode.swift; path = AIStrategicContext.swift; sourceTree = "<group>"; };
		A9D1C0DE0000000000000003 /* AIOpponentModel.swift */ = {isa = PBXFileReference; lastKnownFileType = sourcecode.swift; path = AIOpponentModel.swift; sourceTree = "<group>"; };
		A9D1C0DE0000000000000004 /* AIPattern.swift */ = {isa = PBXFileReference; lastKnownFileType = sourcecode.swift; path = AIPattern.swift; sourceTree = "<group>"; };
		AA0000000000000000000002 /* PokerAI/Assets.xcassets */ = {isa = PBXFileReference; lastKnownFileType = folder.assetcatalog; path = PokerAI/Assets.xcassets; sourceTree = SOURCE_ROOT; };
		AA0000000000000000000011 /* AnalyticsService.swift */ = {isa = PBXFileReference; lastKnownFileType = sourcecode.swift; path = AnalyticsService.swift; sourceTree = "<group>"; };
		AA0000000000000000000013 /* AnalyticsEvent.swift */ = {isa = PBXFileReference; lastKnownFileType = sourcecode.swift; path = AnalyticsEvent.swift; sourceTree = "<group>"; };
		AA0000000000000000000015 /* MockAnalyticsService.swift */ = {isa = PBXFileReference; lastKnownFileType = sourcecode.swift; path = MockAnalyticsService.swift; sourceTree = "<group>"; };
		AA0000000000000000000041 /* PokerAI/PrivacyInfo.xcprivacy */ = {isa = PBXFileReference; lastKnownFileType = text.xml; path = PokerAI/PrivacyInfo.xcprivacy; sourceTree = SOURCE_ROOT; };
		AA0000000000000000000052 /* AdMobConfig.swift */ = {isa = PBXFileReference; lastKnownFileType = sourcecode.swift; path = AdMobConfig.swift; sourceTree = "<group>"; };
		AA0000000000000000000053 /* AdMobService.swift */ = {isa = PBXFileReference; lastKnownFileType = sourcecode.swift; path = AdMobService.swift; sourceTree = "<group>"; };
		B03D2D6EB44C302FCE8C2009 /* Action.swift */ = {isa = PBXFileReference; lastKnownFileType = sourcecode.swift; path = Action.swift; sourceTree = "<group>"; };
		B0FBC21FB78D2DAC76701397 /* HandEvaluator.swift */ = {isa = PBXFileReference; lastKnownFileType = sourcecode.swift; path = HandEvaluator.swift; sourceTree = "<group>"; };
		B2A89FC65242C268E9F912BF /* CardView.swift */ = {isa = PBXFileReference; lastKnownFileType = sourcecode.swift; path = CardView.swift; sourceTree = "<group>"; };
		B67668697B87763B8FE8F7A1 /* HandEvaluatorTests.swift */ = {isa = PBXFileReference; lastKnownFileType = sourcecode.swift; path = HandEvaluatorTests.swift; sourceTree = "<group>"; };
		B7D0ABC3ADC8E4F67F3EE15B /* WelfareView.swift */ = {isa = PBXFileReference; lastKnownFileType = sourcecode.swift; path = WelfareView.swift; sourceTree = "<group>"; };
		B7F100000000000000000001 /* PokerEngine+Setup.swift */ = {isa = PBXFileReference; lastKnownFileType = sourcecode.swift; path = "PokerEngine+Setup.swift"; sourceTree = "<group>"; };
		B7F100000000000000000002 /* PokerEngine+Actions.swift */ = {isa = PBXFileReference; lastKnownFileType = sourcecode.swift; path = "PokerEngine+Actions.swift"; sourceTree = "<group>"; };
		B7F100000000000000000003 /* PokerEngine+RoundFlow.swift */ = {isa = PBXFileReference; lastKnownFileType = sourcecode.swift; path = "PokerEngine+RoundFlow.swift"; sourceTree = "<group>"; };
		B7F100000000000000000004 /* PokerEngine+State.swift */ = {isa = PBXFileReference; lastKnownFileType = sourcecode.swift; path = "PokerEngine+State.swift"; sourceTree = "<group>"; };
		B7F100000000000000000005 /* PokerEngine+Settlement.swift */ = {isa = PBXFileReference; lastKnownFileType = sourcecode.swift; path = "PokerEngine+Settlement.swift"; sourceTree = "<group>"; };
		B7F100000000000000000006 /* GameViewModel+Lifecycle.swift */ = {isa = PBXFileReference; lastKnownFileType = sourcecode.swift; path = "GameViewModel+Lifecycle.swift"; sourceTree = "<group>"; };
		B7F100000000000000000007 /* GameViewModel+AITurn.swift */ = {isa = PBXFileReference; lastKnownFileType = sourcecode.swift; path = "GameViewModel+AITurn.swift"; sourceTree = "<group>"; };
		B7F100000000000000000008 /* GameViewModel+PlayerActions.swift */ = {isa = PBXFileReference; lastKnownFileType = sourcecode.swift; path = "GameViewModel+PlayerActions.swift"; sourceTree = "<group>"; };
		B7F100000000000000000009 /* GameViewModel+Settlement.swift */ = {isa = PBXFileReference; lastKnownFileType = sourcecode.swift; path = "GameViewModel+Settlement.swift"; sourceTree = "<group>"; };
		B7F10000000000000000000A /* GameViewModel+Training.swift */ = {isa = PBXFileReference; lastKnownFileType = sourcecode.swift; path = "GameViewModel+Training.swift"; sourceTree = "<group>"; };
		B7F10000000000000000000B /* GameViewModel+Persistence.swift */ = {isa = PBXFileReference; lastKnownFileType = sourcecode.swift; path = "GameViewModel+Persistence.swift"; sourceTree = "<group>"; };
		C1B100000000000000000001 /* GameCommunitySection.swift */ = {isa = PBXFileReference; lastKnownFileType = sourcecode.swift; path = GameCommunitySection.swift; sourceTree = "<group>"; };
		C1B100000000000000000002 /* GamePlayerSeatView.swift */ = {isa = PBXFileReference; lastKnownFileType = sourcecode.swift; path = GamePlayerSeatView.swift; sourceTree = "<group>"; };
		C1B100000000000000000003 /* GameOpponentsSection.swift */ = {isa = PBXFileReference; lastKnownFileType = sourcecode.swift; path = GameOpponentsSection.swift; sourceTree = "<group>"; };
		C1B100000000000000000004 /* GameBottomDock.swift */ = {isa = PBXFileReference; lastKnownFileType = sourcecode.swift; path = GameBottomDock.swift; sourceTree = "<group>"; };
		C1B100000000000000000005 /* RoundEndModal.swift */ = {isa = PBXFileReference; lastKnownFileType = sourcecode.swift; path = RoundEndModal.swift; sourceTree = "<group>"; };
		C1B100000000000000000006 /* StatisticsTabSelectorView.swift */ = {isa = PBXFileReference; lastKnownFileType = sourcecode.swift; path = StatisticsTabSelectorView.swift; sourceTree = "<group>"; };
		C1B100000000000000000007 /* StatisticsOverviewTabView.swift */ = {isa = PBXFileReference; lastKnownFileType = sourcecode.swift; path = StatisticsOverviewTabView.swift; sourceTree = "<group>"; };
		C1B100000000000000000008 /* StatisticsAIProfileCardView.swift */ = {isa = PBXFileReference; lastKnownFileType = sourcecode.swift; path = StatisticsAIProfileCardView.swift; sourceTree = "<group>"; };
		C1B100000000000000000009 /* StatisticsRecentHandsTabView.swift */ = {isa = PBXFileReference; lastKnownFileType = sourcecode.swift; path = StatisticsRecentHandsTabView.swift; sourceTree = "<group>"; };
		C1B10000000000000000000A /* StatisticsHandRecordCard.swift */ = {isa = PBXFileReference; lastKnownFileType = sourcecode.swift; path = StatisticsHandRecordCard.swift; sourceTree = "<group>"; };
		C96A3EDD743B1E6EF634AF25 /* Street.swift */ = {isa = PBXFileReference; lastKnownFileType = sourcecode.swift; path = Street.swift; sourceTree = "<group>"; };
		CD1C98850B7A4ED2330E1A6B /* ActionButtonsView.swift */ = {isa = PBXFileReference; lastKnownFileType = sourcecode.swift; path = ActionButtonsView.swift; sourceTree = "<group>"; };
		CD6CFE992FA5106100C1B48E /* GoogleService-Info.plist */ = {isa = PBXFileReference; lastKnownFileType = text.plist.xml; path = "GoogleService-Info.plist"; sourceTree = "<group>"; };
		D959BB465C39A29AB2EEAF53 /* AIAvatars.swift */ = {isa = PBXFileReference; lastKnownFileType = sourcecode.swift; path = AIAvatars.swift; sourceTree = "<group>"; };
		E1A5B4C3D2F109876543210B /* PokerEngineTests.swift */ = {isa = PBXFileReference; lastKnownFileType = sourcecode.swift; path = PokerEngineTests.swift; sourceTree = "<group>"; };
		E28A63EAE43B5AACB33D31F0 /* PotCalculator.swift */ = {isa = PBXFileReference; lastKnownFileType = sourcecode.swift; path = PotCalculator.swift; sourceTree = "<group>"; };
		E7A75C874061F132783DE04D /* DatabaseManager.swift */ = {isa = PBXFileReference; lastKnownFileType = sourcecode.swift; path = DatabaseManager.swift; sourceTree = "<group>"; };
		E938E9F65A78F81C2528931A /* GameArchiveManager.swift */ = {isa = PBXFileReference; lastKnownFileType = sourcecode.swift; path = GameArchiveManager.swift; sourceTree = "<group>"; };
		F1A2B3C4D5E6F70809101113 /* ArchiveManagerTests.swift */ = {isa = PBXFileReference; lastKnownFileType = sourcecode.swift; path = ArchiveManagerTests.swift; sourceTree = "<group>"; };
		F2A3B4C5D6E7F80910111214 /* GameFlowRegressionTests.swift */ = {isa = PBXFileReference; lastKnownFileType = sourcecode.swift; path = GameFlowRegressionTests.swift; sourceTree = "<group>"; };
		F3A4B5C6D7E8F90101112132 /* GameRecordRepositoryTests.swift */ = {isa = PBXFileReference; lastKnownFileType = sourcecode.swift; path = GameRecordRepositoryTests.swift; sourceTree = "<group>"; };
		FC3E61AE9BDA6C7D05CD339F /* PokerEngine.swift */ = {isa = PBXFileReference; lastKnownFileType = sourcecode.swift; path = PokerEngine.swift; sourceTree = "<group>"; };
/* End PBXFileReference section */

/* Begin PBXFrameworksBuildPhase section */
		CDA6CD0D2FA5B60E00B8C6A2 /* Frameworks */ = {
			isa = PBXFrameworksBuildPhase;
			buildActionMask = 2147483647;
			files = (
				CD3222DC2FA5B6B7008F37B3 /* GoogleMobileAds in Frameworks */,
				CD3222DB2FA5B6B7008F37B3 /* FirebaseCore in Frameworks */,
				CD3222DA2FA5B6B7008F37B3 /* FirebaseAnalytics in Frameworks */,
			);
			runOnlyForDeploymentPostprocessing = 0;
		};
/* End PBXFrameworksBuildPhase section */

/* Begin PBXGroup section */
		0EB3465A155C43109D838DEF /* AI */ = {
			isa = PBXGroup;
			children = (
				D959BB465C39A29AB2EEAF53 /* AIAvatars.swift */,
				A9D1C0DE0000000000000001 /* AIStyleProfiles.swift */,
				A9D1C0DE0000000000000002 /* AIStrategicContext.swift */,
				A9D1C0DE0000000000000003 /* AIOpponentModel.swift */,
				A9D1C0DE0000000000000004 /* AIPattern.swift */,
				5D872E96A0852C0D4C41EAD0 /* AIDecisionMaker.swift */,
				5EE739CF30B31566D593B6F6 /* AIEngine.swift */,
				8B3EB6C2C558AF7E772408B5 /* PreFlopHandTable.swift */,
			);
			path = AI;
			sourceTree = "<group>";
		};
		1BD9DD63E674A94F31B9A496 = {
			isa = PBXGroup;
			children = (
				2C941058B6B11EF300E2BE1F /* src */,
				F5377F1BAF89563D261DA04D /* Tests */,
				FD12D14D9403840A92038EB7 /* Products */,
				AA0000000000000000000002 /* PokerAI/Assets.xcassets */,
				CD6CFE992FA5106100C1B48E /* GoogleService-Info.plist */,
				AA0000000000000000000041 /* PokerAI/PrivacyInfo.xcprivacy */,
				CDA36EEC2FA5B1D80041370A /* Frameworks */,
			);
			sourceTree = "<group>";
		};
		2300A2F6E4D523EF8C59DDA8 /* Extensions */ = {
			isa = PBXGroup;
			children = (
				35E7C9248EDD3E73E290C09A /* Color+Theme.swift */,
			);
			path = Extensions;
			sourceTree = "<group>";
		};
		2737F786A68AB29AF8E99F9F /* Main */ = {
			isa = PBXGroup;
			children = (
				6B00F95E8E8DFCD10A0CF933 /* MainView.swift */,
				2918AF107C1B5FAC8170BF77 /* MainViewModel.swift */,
			);
			path = Main;
			sourceTree = "<group>";
		};
		275198E75F3E7A459A516FD3 /* Welfare */ = {
			isa = PBXGroup;
			children = (
				B7D0ABC3ADC8E4F67F3EE15B /* WelfareView.swift */,
				09082BD35AA831368F1BF82C /* WelfareViewModel.swift */,
			);
			path = Welfare;
			sourceTree = "<group>";
		};
		2C941058B6B11EF300E2BE1F /* src */ = {
			isa = PBXGroup;
			children = (
				75947C0E17A1B11D543156BE /* App */,
				D224A856D6992A795643DA81 /* Core */,
				82AF0D375138F1F652F61527 /* Features */,
				AD442147FF432373626CAA94 /* Resources */,
				D31E840BAE0834E02FCDE9CB /* Services */,
				7ECB862241382BF73E2737A1 /* Shared */,
			);
			path = src;
			sourceTree = "<group>";
		};
		37CAFE8A6A334E1AD9C4643E /* Engine */ = {
			isa = PBXGroup;
			children = (
				B0FBC21FB78D2DAC76701397 /* HandEvaluator.swift */,
				FC3E61AE9BDA6C7D05CD339F /* PokerEngine.swift */,
				B7F100000000000000000001 /* PokerEngine+Setup.swift */,
				B7F100000000000000000002 /* PokerEngine+Actions.swift */,
				B7F100000000000000000003 /* PokerEngine+RoundFlow.swift */,
				B7F100000000000000000004 /* PokerEngine+State.swift */,
				B7F100000000000000000005 /* PokerEngine+Settlement.swift */,
				E28A63EAE43B5AACB33D31F0 /* PotCalculator.swift */,
			);
			path = Engine;
			sourceTree = "<group>";
		};
		3D826967D4676E74A2FAADAF /* Database */ = {
			isa = PBXGroup;
			children = (
				54EF97628F7D2B7EDBC17824 /* AIPatternRepository.swift */,
				E7A75C874061F132783DE04D /* DatabaseManager.swift */,
				506F27EC459CA69DF758C983 /* GameRecordRepository.swift */,
			);
			path = Database;
			sourceTree = "<group>";
		};
		3E1F4933AB5E9C91809DB667 /* Constants */ = {
			isa = PBXGroup;
			children = (
				29AC71B2963FC806D9A6364B /* GameConstants.swift */,
			);
			path = Constants;
			sourceTree = "<group>";
		};
		47270C18D677C78F9A482260 /* Storage */ = {
			isa = PBXGroup;
			children = (
				82C131C36FE7DAB2A46E98A2 /* ChipStorage.swift */,
			);
			path = Storage;
			sourceTree = "<group>";
		};
		56BAF8958A150D7B920B41B8 /* Components */ = {
			isa = PBXGroup;
			children = (
				CD1C98850B7A4ED2330E1A6B /* ActionButtonsView.swift */,
				5C616BABA49F411EC197018E /* ActionLogView.swift */,
				23425377DFD539DACFA05B8F /* CommunityCardsView.swift */,
				C1B100000000000000000004 /* GameBottomDock.swift */,
				C1B100000000000000000001 /* GameCommunitySection.swift */,
				C1B100000000000000000003 /* GameOpponentsSection.swift */,
				C1B100000000000000000002 /* GamePlayerSeatView.swift */,
				5EB10370240BA30FE4802E6F /* PlayerCard.swift */,
				1E45E9E0F0BEB9C4DC99EE64 /* QuickBetView.swift */,
				C1B100000000000000000005 /* RoundEndModal.swift */,
			);
			path = Components;
			sourceTree = "<group>";
		};
		6382D09ED39DE032C8CEE1B3 /* Game */ = {
			isa = PBXGroup;
			children = (
				74EECA09C25E73B6235A1964 /* GameView.swift */,
				76916C5A1170EB7752120BF3 /* GameViewModel.swift */,
				B7F100000000000000000006 /* GameViewModel+Lifecycle.swift */,
				B7F100000000000000000007 /* GameViewModel+AITurn.swift */,
				B7F100000000000000000008 /* GameViewModel+PlayerActions.swift */,
				B7F100000000000000000009 /* GameViewModel+Settlement.swift */,
				B7F10000000000000000000A /* GameViewModel+Training.swift */,
				B7F10000000000000000000B /* GameViewModel+Persistence.swift */,
				56BAF8958A150D7B920B41B8 /* Components */,
			);
			path = Game;
			sourceTree = "<group>";
		};
		75947C0E17A1B11D543156BE /* App */ = {
			isa = PBXGroup;
			children = (
				6A52967FFB99FEC66776E187 /* PokerAIApp.swift */,
			);
			path = App;
			sourceTree = "<group>";
		};
		7ECB862241382BF73E2737A1 /* Shared */ = {
			isa = PBXGroup;
			children = (
				C6A241EFA7B63DA0E2C80CEE /* Components */,
				3E1F4933AB5E9C91809DB667 /* Constants */,
				2300A2F6E4D523EF8C59DDA8 /* Extensions */,
			);
			path = Shared;
			sourceTree = "<group>";
		};
		82AF0D375138F1F652F61527 /* Features */ = {
			isa = PBXGroup;
			children = (
				6382D09ED39DE032C8CEE1B3 /* Game */,
				2737F786A68AB29AF8E99F9F /* Main */,
				BBAAC9C7BAE45A09BC332CB9 /* Statistics */,
				275198E75F3E7A459A516FD3 /* Welfare */,
			);
			path = Features;
			sourceTree = "<group>";
		};
		9F523547FC5910E3AD06ACBF /* Archive */ = {
			isa = PBXGroup;
			children = (
				E938E9F65A78F81C2528931A /* GameArchiveManager.swift */,
			);
			path = Archive;
			sourceTree = "<group>";
		};
		AA0000000000000000000020 /* Analytics */ = {
			isa = PBXGroup;
			children = (
				AA0000000000000000000011 /* AnalyticsService.swift */,
				AA0000000000000000000013 /* AnalyticsEvent.swift */,
				AA0000000000000000000015 /* MockAnalyticsService.swift */,
			);
			path = Analytics;
			sourceTree = "<group>";
		};
		AA0000000000000000000054 /* AdMob */ = {
			isa = PBXGroup;
			children = (
				AA0000000000000000000052 /* AdMobConfig.swift */,
				AA0000000000000000000053 /* AdMobService.swift */,
			);
			path = AdMob;
			sourceTree = "<group>";
		};
		AD442147FF432373626CAA94 /* Resources */ = {
			isa = PBXGroup;
			children = (
			);
			path = Resources;
			sourceTree = "<group>";
		};
		BBAAC9C7BAE45A09BC332CB9 /* Statistics */ = {
			isa = PBXGroup;
			children = (
				8ABAA32BC2D0FEF119CA4CDC /* StatisticsView.swift */,
				A2EEBC082AD1FE0F3AC670E5 /* StatisticsViewModel.swift */,
				C1C100000000000000000001 /* Components */,
			);
			path = Statistics;
			sourceTree = "<group>";
		};
		C1C100000000000000000001 /* Components */ = {
			isa = PBXGroup;
			children = (
				C1B100000000000000000008 /* StatisticsAIProfileCardView.swift */,
				C1B10000000000000000000A /* StatisticsHandRecordCard.swift */,
				C1B100000000000000000007 /* StatisticsOverviewTabView.swift */,
				C1B100000000000000000009 /* StatisticsRecentHandsTabView.swift */,
				C1B100000000000000000006 /* StatisticsTabSelectorView.swift */,
			);
			path = Components;
			sourceTree = "<group>";
		};
		C501B36BE6792C8C5EF2FC63 /* Models */ = {
			isa = PBXGroup;
			children = (
				B03D2D6EB44C302FCE8C2009 /* Action.swift */,
				4063FE8247B5C0E604B9FCB8 /* Card.swift */,
				18C3AD1AC58DB95965E1C1A1 /* Hand.swift */,
				6A9895692B7CC8BD1A14E96F /* HandType.swift */,
				842F687D9CB382280336CD76 /* Player.swift */,
				94BE2A516204DC6429819030 /* Position.swift */,
				C96A3EDD743B1E6EF634AF25 /* Street.swift */,
			);
			path = Models;
			sourceTree = "<group>";
		};
		C6A241EFA7B63DA0E2C80CEE /* Components */ = {
			isa = PBXGroup;
			children = (
				B2A89FC65242C268E9F912BF /* CardView.swift */,
				3829E3CE2E5712EDA2C6C52D /* ChipLabel.swift */,
			);
			path = Components;
			sourceTree = "<group>";
		};
		CDA36EEC2FA5B1D80041370A /* Frameworks */ = {
			isa = PBXGroup;
			children = (
			);
			name = Frameworks;
			sourceTree = "<group>";
		};
		D224A856D6992A795643DA81 /* Core */ = {
			isa = PBXGroup;
			children = (
				0EB3465A155C43109D838DEF /* AI */,
				37CAFE8A6A334E1AD9C4643E /* Engine */,
				C501B36BE6792C8C5EF2FC63 /* Models */,
			);
			path = Core;
			sourceTree = "<group>";
		};
		D31E840BAE0834E02FCDE9CB /* Services */ = {
			isa = PBXGroup;
			children = (
				AA0000000000000000000054 /* AdMob */,
				AA0000000000000000000020 /* Analytics */,
				9F523547FC5910E3AD06ACBF /* Archive */,
				3D826967D4676E74A2FAADAF /* Database */,
				47270C18D677C78F9A482260 /* Storage */,
			);
			path = Services;
			sourceTree = "<group>";
		};
		F5377F1BAF89563D261DA04D /* Tests */ = {
			isa = PBXGroup;
			children = (
				F1A2B3C4D5E6F70809101113 /* ArchiveManagerTests.swift */,
				607C8B90FA1E9DC8DA356182 /* CardTests.swift */,
				F2A3B4C5D6E7F80910111214 /* GameFlowRegressionTests.swift */,
				F3A4B5C6D7E8F90101112132 /* GameRecordRepositoryTests.swift */,
				B67668697B87763B8FE8F7A1 /* HandEvaluatorTests.swift */,
				4C1BCD39B237C92CFF4C0415 /* HandTypeTests.swift */,
				E1A5B4C3D2F109876543210B /* PokerEngineTests.swift */,
			);
			path = Tests;
			sourceTree = "<group>";
		};
		FD12D14D9403840A92038EB7 /* Products */ = {
			isa = PBXGroup;
			children = (
				4D969E959A47D0D27973E54B /* PokerAI.app */,
				14B2FAB06B0026871A745C41 /* PokerAITests.xctest */,
			);
			name = Products;
			sourceTree = "<group>";
		};
/* End PBXGroup section */

/* Begin PBXNativeTarget section */
		4348EC15B6B01635DAFDB5D9 /* PokerAITests */ = {
			isa = PBXNativeTarget;
			buildConfigurationList = 0028FF3A5F81A3FE68C53372 /* Build configuration list for PBXNativeTarget "PokerAITests" */;
			buildPhases = (
				624088A30B9CAE45F416B28E /* Sources */,
			);
			buildRules = (
			);
			dependencies = (
				90193804000EDEE6F6957F58 /* PBXTargetDependency */,
			);
			name = PokerAITests;
			packageProductDependencies = (
			);
			productName = PokerAITests;
			productReference = 14B2FAB06B0026871A745C41 /* PokerAITests.xctest */;
			productType = "com.apple.product-type.bundle.unit-test";
		};
		A49AAAD870FE516A92B6B44B /* PokerAI */ = {
			isa = PBXNativeTarget;
			buildConfigurationList = 20E8AC7CECD2768098E886FD /* Build configuration list for PBXNativeTarget "PokerAI" */;
			buildPhases = (
				DF183B4ADE8E03BF8F4E0171 /* Sources */,
				AA0000000000000000000003 /* Resources */,
				CDA6CD0D2FA5B60E00B8C6A2 /* Frameworks */,
			);
			buildRules = (
			);
			dependencies = (
			);
			name = PokerAI;
			packageProductDependencies = (
				CD2DAA442FA5AE9800C82FE1 /* FirebaseAnalytics */,
				CD2DAA452FA5AE9800C82FE1 /* FirebaseCore */,
				CD2DAA472FA5AEB300C82FE1 /* GoogleMobileAds */,
			);
			productName = PokerAI;
			productReference = 4D969E959A47D0D27973E54B /* PokerAI.app */;
			productType = "com.apple.product-type.application";
		};
/* End PBXNativeTarget section */

/* Begin PBXProject section */
		12A83FFE730899BCBF5FCB54 /* Project object */ = {
			isa = PBXProject;
			attributes = {
				BuildIndependentTargetsInParallel = YES;
				LastUpgradeCheck = 1500;
				TargetAttributes = {
					4348EC15B6B01635DAFDB5D9 = {
						ProvisioningStyle = Automatic;
					};
					A49AAAD870FE516A92B6B44B = {
						ProvisioningStyle = Automatic;
					};
				};
			};
			buildConfigurationList = 97AC34661F78CCF39A96BAE9 /* Build configuration list for PBXProject "PokerAI" */;
			developmentRegion = en;
			hasScannedForEncodings = 0;
			knownRegions = (
				Base,
				en,
			);
			mainGroup = 1BD9DD63E674A94F31B9A496;
			minimizedProjectReferenceProxies = 1;
			packageReferences = (
				CD2DAA432FA5AE9800C82FE1 /* XCRemoteSwiftPackageReference "firebase-ios-sdk" */,
				CD2DAA462FA5AEB300C82FE1 /* XCRemoteSwiftPackageReference "swift-package-manager-google-mobile-ads" */,
			);
			preferredProjectObjectVersion = 77;
			productRefGroup = FD12D14D9403840A92038EB7 /* Products */;
			projectDirPath = "";
			projectRoot = "";
			targets = (
				A49AAAD870FE516A92B6B44B /* PokerAI */,
				4348EC15B6B01635DAFDB5D9 /* PokerAITests */,
			);
		};
/* End PBXProject section */

/* Begin PBXResourcesBuildPhase section */
		AA0000000000000000000003 /* Resources */ = {
			isa = PBXResourcesBuildPhase;
			buildActionMask = 2147483647;
			files = (
				AA0000000000000000000001 /* PokerAI/Assets.xcassets in Resources */,
				AA0000000000000000000040 /* PokerAI/PrivacyInfo.xcprivacy in Resources */,
				CD6CFE9A2FA5106100C1B48E /* GoogleService-Info.plist in Resources */,
			);
			runOnlyForDeploymentPostprocessing = 0;
		};
/* End PBXResourcesBuildPhase section */

/* Begin PBXSourcesBuildPhase section */
		624088A30B9CAE45F416B28E /* Sources */ = {
			isa = PBXSourcesBuildPhase;
			buildActionMask = 2147483647;
			files = (
				F1A2B3C4D5E6F70809101112 /* ArchiveManagerTests.swift in Sources */,
				50C8F78FBA8D868F3E71F38B /* CardTests.swift in Sources */,
				F2A3B4C5D6E7F80910111213 /* GameFlowRegressionTests.swift in Sources */,
				F3A4B5C6D7E8F90101112131 /* GameRecordRepositoryTests.swift in Sources */,
				A1F18356253768040A20345B /* HandEvaluatorTests.swift in Sources */,
				8533933AD39A7DB909013B5E /* HandTypeTests.swift in Sources */,
				E1A5B4C3D2F109876543210A /* PokerEngineTests.swift in Sources */,
			);
			runOnlyForDeploymentPostprocessing = 0;
		};
		DF183B4ADE8E03BF8F4E0171 /* Sources */ = {
			isa = PBXSourcesBuildPhase;
			buildActionMask = 2147483647;
			files = (
				57171F21CFB4A0373DD2850B /* AIAvatars.swift in Sources */,
				A9C1C0DE0000000000000001 /* AIStyleProfiles.swift in Sources */,
				A9C1C0DE0000000000000002 /* AIStrategicContext.swift in Sources */,
				A9C1C0DE0000000000000003 /* AIOpponentModel.swift in Sources */,
				A9C1C0DE0000000000000004 /* AIPattern.swift in Sources */,
				B8F6BB79BAED94E36EE3DD9C /* AIDecisionMaker.swift in Sources */,
				C0C8A9CDFFD35FA988D73043 /* AIEngine.swift in Sources */,
				71DBEC3EF570AA30EB8D26BC /* AIPatternRepository.swift in Sources */,
				6702AD7948109026E1639FD9 /* Action.swift in Sources */,
				0D71B96B835DC3F0A63AEB28 /* ActionButtonsView.swift in Sources */,
				757418A72A64720CACAFD572 /* ActionLogView.swift in Sources */,
				43AF9326D0FF71FCBC1CA789 /* Card.swift in Sources */,
				BB8D42AA38C22AFC2FB390F3 /* CardView.swift in Sources */,
				BD4F08D98EE42C8A6B71CADB /* ChipLabel.swift in Sources */,
				1DAAC06F64B8B88F8DDE7D9B /* ChipStorage.swift in Sources */,
				98F3BBBBBCC1540E27CAA798 /* Color+Theme.swift in Sources */,
				F43852DD584C0274E9884085 /* CommunityCardsView.swift in Sources */,
				C1A100000000000000000004 /* GameBottomDock.swift in Sources */,
				C1A100000000000000000001 /* GameCommunitySection.swift in Sources */,
				12F35AD9B8E871BBFFCA5641 /* DatabaseManager.swift in Sources */,
				C14884D1D49B6BEB67093FC3 /* GameArchiveManager.swift in Sources */,
				01CE1EC3E1B4BC474CD6BE1A /* GameConstants.swift in Sources */,
				C1A100000000000000000003 /* GameOpponentsSection.swift in Sources */,
				4435D730B32829CA7FD6EFA5 /* GameRecordRepository.swift in Sources */,
				C1A100000000000000000002 /* GamePlayerSeatView.swift in Sources */,
				CF6ED67D8AF1CC1B980E7D40 /* GameView.swift in Sources */,
				10F2E0D93110F3233B43A513 /* GameViewModel.swift in Sources */,
				B7E100000000000000000006 /* GameViewModel+Lifecycle.swift in Sources */,
				B7E100000000000000000007 /* GameViewModel+AITurn.swift in Sources */,
				B7E100000000000000000008 /* GameViewModel+PlayerActions.swift in Sources */,
				B7E100000000000000000009 /* GameViewModel+Settlement.swift in Sources */,
				B7E10000000000000000000A /* GameViewModel+Training.swift in Sources */,
				B7E10000000000000000000B /* GameViewModel+Persistence.swift in Sources */,
				AA0000000000000000000010 /* AnalyticsService.swift in Sources */,
				AA0000000000000000000012 /* AnalyticsEvent.swift in Sources */,
				AA0000000000000000000014 /* MockAnalyticsService.swift in Sources */,
				1FF267A6F8AA420E40050DF8 /* Hand.swift in Sources */,
				1240696DEF7AA55846D98010 /* HandEvaluator.swift in Sources */,
				BAAB5FCB39753828451FD294 /* HandType.swift in Sources */,
				8D84E46DC948B5E14FF14A97 /* MainView.swift in Sources */,
				35E4FD08EF7EB96D214E5D6F /* MainViewModel.swift in Sources */,
				C550CBBBB24FF04CF34A12ED /* Player.swift in Sources */,
				4D50C0C76982E6DB9C9956FE /* PlayerCard.swift in Sources */,
				B1737251F85D2BED64FF064B /* PokerAIApp.swift in Sources */,
				D6C60BB155A0781297226BF0 /* PokerEngine.swift in Sources */,
				B7E100000000000000000001 /* PokerEngine+Setup.swift in Sources */,
				B7E100000000000000000002 /* PokerEngine+Actions.swift in Sources */,
				B7E100000000000000000003 /* PokerEngine+RoundFlow.swift in Sources */,
				B7E100000000000000000004 /* PokerEngine+State.swift in Sources */,
				B7E100000000000000000005 /* PokerEngine+Settlement.swift in Sources */,
				AF87F80BD5FD6B77687BDD5B /* Position.swift in Sources */,
				7203F26F3965BB1A96F5976D /* PotCalculator.swift in Sources */,
				DB85292C8856B47672D3C399 /* PreFlopHandTable.swift in Sources */,
				391873418900CFF17B7C94B7 /* QuickBetView.swift in Sources */,
				C1A100000000000000000005 /* RoundEndModal.swift in Sources */,
				C1A100000000000000000008 /* StatisticsAIProfileCardView.swift in Sources */,
				C1A10000000000000000000A /* StatisticsHandRecordCard.swift in Sources */,
				C1A100000000000000000007 /* StatisticsOverviewTabView.swift in Sources */,
				C1A100000000000000000009 /* StatisticsRecentHandsTabView.swift in Sources */,
				C1A100000000000000000006 /* StatisticsTabSelectorView.swift in Sources */,
				516DBC76002FBEA6D885ECBE /* StatisticsView.swift in Sources */,
				C6AD7F6E9F1DE0D6143F2290 /* StatisticsViewModel.swift in Sources */,
				AC9F780B5B5610C40F9FD8E6 /* Street.swift in Sources */,
				49B411D3E10B56F767180973 /* WelfareView.swift in Sources */,
				20FC613E11F24172F1B7583E /* WelfareViewModel.swift in Sources */,
				AA0000000000000000000050 /* AdMobConfig.swift in Sources */,
				AA0000000000000000000051 /* AdMobService.swift in Sources */,
			);
			runOnlyForDeploymentPostprocessing = 0;
		};
/* End PBXSourcesBuildPhase section */

/* Begin PBXTargetDependency section */
		90193804000EDEE6F6957F58 /* PBXTargetDependency */ = {
			isa = PBXTargetDependency;
			target = A49AAAD870FE516A92B6B44B /* PokerAI */;
			targetProxy = 2CC42C53865A086B93A04861 /* PBXContainerItemProxy */;
		};
/* End PBXTargetDependency section */

/* Begin XCBuildConfiguration section */
		0EAD26A7FE161115A6ECAF0B /* Release */ = {
			isa = XCBuildConfiguration;
			buildSettings = {
				BUNDLE_LOADER = "$(TEST_HOST)";
				GENERATE_INFOPLIST_FILE = YES;
				LD_RUNPATH_SEARCH_PATHS = (
					"$(inherited)",
					"@executable_path/Frameworks",
					"@loader_path/Frameworks",
				);
				PRODUCT_BUNDLE_IDENTIFIER = com.pokerai.trainer.tests;
				SDKROOT = iphoneos;
				SWIFT_VERSION = 5.9;
				TARGETED_DEVICE_FAMILY = "1,2";
				TEST_HOST = "$(BUILT_PRODUCTS_DIR)/PokerAI.app/PokerAI";
			};
			name = Release;
		};
		2A33331A0B0AA5949B620A53 /* Debug */ = {
			isa = XCBuildConfiguration;
			buildSettings = {
				BUNDLE_LOADER = "$(TEST_HOST)";
				GENERATE_INFOPLIST_FILE = YES;
				LD_RUNPATH_SEARCH_PATHS = (
					"$(inherited)",
					"@executable_path/Frameworks",
					"@loader_path/Frameworks",
				);
				PRODUCT_BUNDLE_IDENTIFIER = com.pokerai.trainer.tests;
				SDKROOT = iphoneos;
				SWIFT_VERSION = 5.9;
				TARGETED_DEVICE_FAMILY = "1,2";
				TEST_HOST = "$(BUILT_PRODUCTS_DIR)/PokerAI.app/PokerAI";
			};
			name = Debug;
		};
		4F1CE5FC3C9CF810AAD69A3C /* Debug */ = {
			isa = XCBuildConfiguration;
			buildSettings = {
				ALWAYS_SEARCH_USER_PATHS = NO;
				ASSETCATALOG_COMPILER_APPICON_NAME = AppIcon;
				ASSETCATALOG_COMPILER_GLOBAL_ACCENT_COLOR_NAME = AccentColor;
				CLANG_ANALYZER_NONNULL = YES;
				CLANG_ANALYZER_NUMBER_OBJECT_CONVERSION = YES_AGGRESSIVE;
				CLANG_CXX_LANGUAGE_STANDARD = "gnu++14";
				CLANG_CXX_LIBRARY = "libc++";
				CLANG_ENABLE_MODULES = YES;
				CLANG_ENABLE_OBJC_ARC = YES;
				CLANG_ENABLE_OBJC_WEAK = YES;
				CLANG_WARN_BLOCK_CAPTURE_AUTORELEASING = YES;
				CLANG_WARN_BOOL_CONVERSION = YES;
				CLANG_WARN_COMMA = YES;
				CLANG_WARN_CONSTANT_CONVERSION = YES;
				CLANG_WARN_DEPRECATED_OBJC_IMPLEMENTATIONS = YES;
				CLANG_WARN_DIRECT_OBJC_ISA_USAGE = YES_ERROR;
				CLANG_WARN_DOCUMENTATION_COMMENTS = YES;
				CLANG_WARN_EMPTY_BODY = YES;
				CLANG_WARN_ENUM_CONVERSION = YES;
				CLANG_WARN_INFINITE_RECURSION = YES;
				CLANG_WARN_INT_CONVERSION = YES;
				CLANG_WARN_NON_LITERAL_NULL_CONVERSION = YES;
				CLANG_WARN_OBJC_IMPLICIT_RETAIN_SELF = YES;
				CLANG_WARN_OBJC_LITERAL_CONVERSION = YES;
				CLANG_WARN_OBJC_ROOT_CLASS = YES_ERROR;
				CLANG_WARN_QUOTED_INCLUDE_IN_FRAMEWORK_HEADER = YES;
				CLANG_WARN_RANGE_LOOP_ANALYSIS = YES;
				CLANG_WARN_STRICT_PROTOTYPES = YES;
				CLANG_WARN_SUSPICIOUS_MOVE = YES;
				CLANG_WARN_UNGUARDED_AVAILABILITY = YES_AGGRESSIVE;
				CLANG_WARN_UNREACHABLE_CODE = YES;
				CLANG_WARN__DUPLICATE_METHOD_MATCH = YES;
				CODE_SIGN_STYLE = Automatic;
				COPY_PHASE_STRIP = NO;
				DEBUG_INFORMATION_FORMAT = dwarf;
				ENABLE_PREVIEWS = YES;
				ENABLE_STRICT_OBJC_MSGSEND = YES;
				ENABLE_TESTABILITY = YES;
				GCC_C_LANGUAGE_STANDARD = gnu11;
				GCC_DYNAMIC_NO_PIC = NO;
				GCC_NO_COMMON_BLOCKS = YES;
				GCC_OPTIMIZATION_LEVEL = 0;
				GCC_PREPROCESSOR_DEFINITIONS = (
					"$(inherited)",
					"DEBUG=1",
				);
				GCC_WARN_64_TO_32_BIT_CONVERSION = YES;
				GCC_WARN_ABOUT_RETURN_TYPE = YES_ERROR;
				GCC_WARN_UNDECLARED_SELECTOR = YES;
				GCC_WARN_UNINITIALIZED_AUTOS = YES_AGGRESSIVE;
				GCC_WARN_UNUSED_FUNCTION = YES;
				GCC_WARN_UNUSED_VARIABLE = YES;
				INFOPLIST_KEY_UILaunchScreen_Generation = YES;
				INFOPLIST_KEY_UIStatusBarStyle = UIStatusBarStyleLightContent;
				INFOPLIST_KEY_UISupportedInterfaceOrientations = UIInterfaceOrientationPortrait;
				IPHONEOS_DEPLOYMENT_TARGET = 17.0;
				MTL_ENABLE_DEBUG_INFO = INCLUDE_SOURCE;
				MTL_FAST_MATH = YES;
				ONLY_ACTIVE_ARCH = YES;
				PRODUCT_NAME = "$(TARGET_NAME)";
				SDKROOT = iphoneos;
				SWIFT_ACTIVE_COMPILATION_CONDITIONS = DEBUG;
				SWIFT_OPTIMIZATION_LEVEL = "-Onone";
				SWIFT_VERSION = 5.9;
				TARGETED_DEVICE_FAMILY = 1;
			};
			name = Debug;
		};
		AE47CEC08B30F18A274EBD54 /* Release */ = {
			isa = XCBuildConfiguration;
			buildSettings = {
				ALWAYS_SEARCH_USER_PATHS = NO;
				ASSETCATALOG_COMPILER_APPICON_NAME = AppIcon;
				ASSETCATALOG_COMPILER_GLOBAL_ACCENT_COLOR_NAME = AccentColor;
				CLANG_ANALYZER_NONNULL = YES;
				CLANG_ANALYZER_NUMBER_OBJECT_CONVERSION = YES_AGGRESSIVE;
				CLANG_CXX_LANGUAGE_STANDARD = "gnu++14";
				CLANG_CXX_LIBRARY = "libc++";
				CLANG_ENABLE_MODULES = YES;
				CLANG_ENABLE_OBJC_ARC = YES;
				CLANG_ENABLE_OBJC_WEAK = YES;
				CLANG_WARN_BLOCK_CAPTURE_AUTORELEASING = YES;
				CLANG_WARN_BOOL_CONVERSION = YES;
				CLANG_WARN_COMMA = YES;
				CLANG_WARN_CONSTANT_CONVERSION = YES;
				CLANG_WARN_DEPRECATED_OBJC_IMPLEMENTATIONS = YES;
				CLANG_WARN_DIRECT_OBJC_ISA_USAGE = YES_ERROR;
				CLANG_WARN_DOCUMENTATION_COMMENTS = YES;
				CLANG_WARN_EMPTY_BODY = YES;
				CLANG_WARN_ENUM_CONVERSION = YES;
				CLANG_WARN_INFINITE_RECURSION = YES;
				CLANG_WARN_INT_CONVERSION = YES;
				CLANG_WARN_NON_LITERAL_NULL_CONVERSION = YES;
				CLANG_WARN_OBJC_IMPLICIT_RETAIN_SELF = YES;
				CLANG_WARN_OBJC_LITERAL_CONVERSION = YES;
				CLANG_WARN_OBJC_ROOT_CLASS = YES_ERROR;
				CLANG_WARN_QUOTED_INCLUDE_IN_FRAMEWORK_HEADER = YES;
				CLANG_WARN_RANGE_LOOP_ANALYSIS = YES;
				CLANG_WARN_STRICT_PROTOTYPES = YES;
				CLANG_WARN_SUSPICIOUS_MOVE = YES;
				CLANG_WARN_UNGUARDED_AVAILABILITY = YES_AGGRESSIVE;
				CLANG_WARN_UNREACHABLE_CODE = YES;
				CLANG_WARN__DUPLICATE_METHOD_MATCH = YES;
				CODE_SIGN_STYLE = Automatic;
				COPY_PHASE_STRIP = NO;
				DEBUG_INFORMATION_FORMAT = "dwarf-with-dsym";
				ENABLE_NS_ASSERTIONS = NO;
				ENABLE_PREVIEWS = YES;
				ENABLE_STRICT_OBJC_MSGSEND = YES;
				GCC_C_LANGUAGE_STANDARD = gnu11;
				GCC_NO_COMMON_BLOCKS = YES;
				GCC_WARN_64_TO_32_BIT_CONVERSION = YES;
				GCC_WARN_ABOUT_RETURN_TYPE = YES_ERROR;
				GCC_WARN_UNDECLARED_SELECTOR = YES;
				GCC_WARN_UNINITIALIZED_AUTOS = YES_AGGRESSIVE;
				GCC_WARN_UNUSED_FUNCTION = YES;
				GCC_WARN_UNUSED_VARIABLE = YES;
				INFOPLIST_KEY_UILaunchScreen_Generation = YES;
				INFOPLIST_KEY_UIStatusBarStyle = UIStatusBarStyleLightContent;
				INFOPLIST_KEY_UISupportedInterfaceOrientations = UIInterfaceOrientationPortrait;
				IPHONEOS_DEPLOYMENT_TARGET = 17.0;
				MTL_ENABLE_DEBUG_INFO = NO;
				MTL_FAST_MATH = YES;
				PRODUCT_NAME = "$(TARGET_NAME)";
				SDKROOT = iphoneos;
				SWIFT_COMPILATION_MODE = wholemodule;
				SWIFT_OPTIMIZATION_LEVEL = "-O";
				SWIFT_VERSION = 5.9;
				TARGETED_DEVICE_FAMILY = 1;
			};
			name = Release;
		};
		DC65FDAA01FA3A248D0AD77D /* Release */ = {
			isa = XCBuildConfiguration;
			buildSettings = {
				ASSETCATALOG_COMPILER_APPICON_NAME = AppIcon;
				CODE_SIGN_IDENTITY = "iPhone Developer";
				CURRENT_PROJECT_VERSION = 1;
				INFOPLIST_FILE = PokerAI/Info.plist;
				INFOPLIST_KEY_CFBundleDisplayName = "德扑AI训练器";
				LD_RUNPATH_SEARCH_PATHS = (
					"$(inherited)",
					"@executable_path/Frameworks",
				);
				MARKETING_VERSION = 1.0.0;
				PRODUCT_BUNDLE_IDENTIFIER = com.pokerai.trainer;
				SDKROOT = iphoneos;
				TARGETED_DEVICE_FAMILY = "1,2";
			};
			name = Release;
		};
		E7176F307BF80A7EAF0817FC /* Debug */ = {
			isa = XCBuildConfiguration;
			buildSettings = {
				ASSETCATALOG_COMPILER_APPICON_NAME = AppIcon;
				CODE_SIGN_IDENTITY = "iPhone Developer";
				CURRENT_PROJECT_VERSION = 1;
				INFOPLIST_FILE = PokerAI/Info.plist;
				INFOPLIST_KEY_CFBundleDisplayName = "德扑AI训练器";
				LD_RUNPATH_SEARCH_PATHS = (
					"$(inherited)",
					"@executable_path/Frameworks",
				);
				MARKETING_VERSION = 1.0.0;
				PRODUCT_BUNDLE_IDENTIFIER = com.pokerai.trainer;
				SDKROOT = iphoneos;
				TARGETED_DEVICE_FAMILY = "1,2";
			};
			name = Debug;
		};
/* End XCBuildConfiguration section */

/* Begin XCConfigurationList section */
		0028FF3A5F81A3FE68C53372 /* Build configuration list for PBXNativeTarget "PokerAITests" */ = {
			isa = XCConfigurationList;
			buildConfigurations = (
				2A33331A0B0AA5949B620A53 /* Debug */,
				0EAD26A7FE161115A6ECAF0B /* Release */,
			);
			defaultConfigurationIsVisible = 0;
			defaultConfigurationName = Debug;
		};
		20E8AC7CECD2768098E886FD /* Build configuration list for PBXNativeTarget "PokerAI" */ = {
			isa = XCConfigurationList;
			buildConfigurations = (
				E7176F307BF80A7EAF0817FC /* Debug */,
				DC65FDAA01FA3A248D0AD77D /* Release */,
			);
			defaultConfigurationIsVisible = 0;
			defaultConfigurationName = Debug;
		};
		97AC34661F78CCF39A96BAE9 /* Build configuration list for PBXProject "PokerAI" */ = {
			isa = XCConfigurationList;
			buildConfigurations = (
				4F1CE5FC3C9CF810AAD69A3C /* Debug */,
				AE47CEC08B30F18A274EBD54 /* Release */,
			);
			defaultConfigurationIsVisible = 0;
			defaultConfigurationName = Debug;
		};
/* End XCConfigurationList section */

/* Begin XCRemoteSwiftPackageReference section */
		CD2DAA432FA5AE9800C82FE1 /* XCRemoteSwiftPackageReference "firebase-ios-sdk" */ = {
			isa = XCRemoteSwiftPackageReference;
			repositoryURL = "https://github.com/firebase/firebase-ios-sdk.git";
			requirement = {
				kind = upToNextMajorVersion;
				minimumVersion = 12.12.1;
			};
		};
		CD2DAA462FA5AEB300C82FE1 /* XCRemoteSwiftPackageReference "swift-package-manager-google-mobile-ads" */ = {
			isa = XCRemoteSwiftPackageReference;
			repositoryURL = "https://github.com/googleads/swift-package-manager-google-mobile-ads.git";
			requirement = {
				kind = upToNextMajorVersion;
				minimumVersion = 13.3.0;
			};
		};
/* End XCRemoteSwiftPackageReference section */

/* Begin XCSwiftPackageProductDependency section */
		CD2DAA442FA5AE9800C82FE1 /* FirebaseAnalytics */ = {
			isa = XCSwiftPackageProductDependency;
			package = CD2DAA432FA5AE9800C82FE1 /* XCRemoteSwiftPackageReference "firebase-ios-sdk" */;
			productName = FirebaseAnalytics;
		};
		CD2DAA452FA5AE9800C82FE1 /* FirebaseCore */ = {
			isa = XCSwiftPackageProductDependency;
			package = CD2DAA432FA5AE9800C82FE1 /* XCRemoteSwiftPackageReference "firebase-ios-sdk" */;
			productName = FirebaseCore;
		};
		CD2DAA472FA5AEB300C82FE1 /* GoogleMobileAds */ = {
			isa = XCSwiftPackageProductDependency;
			package = CD2DAA462FA5AEB300C82FE1 /* XCRemoteSwiftPackageReference "swift-package-manager-google-mobile-ads" */;
			productName = GoogleMobileAds;
		};
/* End XCSwiftPackageProductDependency section */
	};
	rootObject = 12A83FFE730899BCBF5FCB54 /* Project object */;
}
